
Microsoft Visual Studio Solution File, Format Version 12.00
# Visual Studio Version 16
VisualStudioVersion = 16.0.30804.86
MinimumVisualStudioVersion = 10.0.40219.1
Project("{8BC9CEB8-8B4A-11D0-8D11-00A0C91BC942}") = "ServerSide", "ServerSide\ServerSide.vcxproj", "{61F381CE-1DAB-4101-BB9B-92C69FFA071F}"
EndProject
Global
	GlobalSection(SolutionConfigurationPlatforms) = preSolution
		Debug|x64 = Debug|x64
		Debug|x86 = Debug|x86
		Release|x64 = Release|x64
		Release|x86 = Release|x86
	EndGlobalSection
	GlobalSection(ProjectConfigurationPlatforms) = postSolution
		{61F381CE-1DAB-4101-BB9B-92C69FFA071F}.Debug|x64.ActiveCfg = Debug|x64
		{61F381CE-1DAB-4101-BB9B-92C69FFA071F}.Debug|x64.Build.0 = Debug|x64
		{61F381CE-1DAB-4101-BB9B-92C69FFA071F}.Debug|x86.ActiveCfg = Debug|Win32
		{61F381CE-1DAB-4101-BB9B-92C69FFA071F}.Debug|x86.Build.0 = Debug|Win32
		{61F381CE-1DAB-4101-BB9B-92C69FFA071F}.Release|x64.ActiveCfg = Release|x64
		{61F381CE-1DAB-4101-BB9B-92C69FFA071F}.Release|x64.Build.0 = Release|x64
		{61F381CE-1DAB-4101-BB9B-92C69FFA071F}.Release|x86.ActiveCfg = Release|Win32
		{61F381CE-1DAB-4101-BB9B-92C69FFA071F}.Release|x86.Build.0 = Release|Win32
	EndGlobalSection
	GlobalSection(SolutionProperties) = preSolution
		HideSolutionNode = FALSE
	EndGlobalSection
	GlobalSection(ExtensibilityGlobals) = postSolution
		SolutionGuid = {6CFF190C-10C4-4AE3-91F6-E6AB9FA9A1DF}
	EndGlobalSection
EndGlobal
